
Microsoft Visual Studio Solution File, Format Version 11.00
# Visual Studio 2010
Project("{FAE04EC0-301F-11D3-BF4B-00C04F79EFBC}") = "MediaCenterLightApp", "MediaCenterLightApp\MediaCenterLightApp.csproj", "{FA64BE7E-2629-422E-A03B-E59C5C3661A5}"
EndProject
Project("{FAE04EC0-301F-11D3-BF4B-00C04F79EFBC}") = "GadgetLightApp", "GadgetLightApp\GadgetLightApp.csproj", "{BED39120-1E39-40C9-B15C-32FE9D8EEDF1}"
EndProject
Global
	GlobalSection(SolutionConfigurationPlatforms) = preSolution
		Debug|Any CPU = Debug|Any CPU
		Debug|Mixed Platforms = Debug|Mixed Platforms
		Debug|x86 = Debug|x86
		Release|Any CPU = Release|Any CPU
		Release|Mixed Platforms = Release|Mixed Platforms
		Release|x86 = Release|x86
	EndGlobalSection
	GlobalSection(ProjectConfigurationPlatforms) = postSolution
		{FA64BE7E-2629-422E-A03B-E59C5C3661A5}.Debug|Any CPU.ActiveCfg = Debug|Any CPU
		{FA64BE7E-2629-422E-A03B-E59C5C3661A5}.Debug|Any CPU.Build.0 = Debug|Any CPU
		{FA64BE7E-2629-422E-A03B-E59C5C3661A5}.Debug|Mixed Platforms.ActiveCfg = Debug|Any CPU
		{FA64BE7E-2629-422E-A03B-E59C5C3661A5}.Debug|Mixed Platforms.Build.0 = Debug|Any CPU
		{FA64BE7E-2629-422E-A03B-E59C5C3661A5}.Debug|x86.ActiveCfg = Debug|Any CPU
		{FA64BE7E-2629-422E-A03B-E59C5C3661A5}.Release|Any CPU.ActiveCfg = Release|Any CPU
		{FA64BE7E-2629-422E-A03B-E59C5C3661A5}.Release|Any CPU.Build.0 = Release|Any CPU
		{FA64BE7E-2629-422E-A03B-E59C5C3661A5}.Release|Mixed Platforms.ActiveCfg = Release|Any CPU
		{FA64BE7E-2629-422E-A03B-E59C5C3661A5}.Release|Mixed Platforms.Build.0 = Release|Any CPU
		{FA64BE7E-2629-422E-A03B-E59C5C3661A5}.Release|x86.ActiveCfg = Release|Any CPU
		{BED39120-1E39-40C9-B15C-32FE9D8EEDF1}.Debug|Any CPU.ActiveCfg = Debug|Any CPU
		{BED39120-1E39-40C9-B15C-32FE9D8EEDF1}.Debug|Any CPU.Build.0 = Debug|Any CPU
		{BED39120-1E39-40C9-B15C-32FE9D8EEDF1}.Debug|Mixed Platforms.ActiveCfg = Debug|Any CPU
		{BED39120-1E39-40C9-B15C-32FE9D8EEDF1}.Debug|Mixed Platforms.Build.0 = Debug|Any CPU
		{BED39120-1E39-40C9-B15C-32FE9D8EEDF1}.Debug|x86.ActiveCfg = Debug|Any CPU
		{BED39120-1E39-40C9-B15C-32FE9D8EEDF1}.Release|Any CPU.ActiveCfg = Release|Any CPU
		{BED39120-1E39-40C9-B15C-32FE9D8EEDF1}.Release|Any CPU.Build.0 = Release|Any CPU
		{BED39120-1E39-40C9-B15C-32FE9D8EEDF1}.Release|Mixed Platforms.ActiveCfg = Release|Any CPU
		{BED39120-1E39-40C9-B15C-32FE9D8EEDF1}.Release|Mixed Platforms.Build.0 = Release|Any CPU
		{BED39120-1E39-40C9-B15C-32FE9D8EEDF1}.Release|x86.ActiveCfg = Release|Any CPU
	EndGlobalSection
	GlobalSection(SolutionProperties) = preSolution
		HideSolutionNode = FALSE
	EndGlobalSection
EndGlobal
